
Microsoft Visual Studio Solution File, Format Version 12.00
# Visual Studio 15
VisualStudioVersion = 15.0.27004.2008
MinimumVisualStudioVersion = 10.0.40219.1
Project("{D954291E-2A0B-460D-934E-DC6B0785DB48}") = "Mensagens", "Mensagens\Mensagens\Mensagens.shproj", "{90059FD4-B588-46E0-B606-7BB339F727B8}"
EndProject
Project("{FAE04EC0-301F-11D3-BF4B-00C04F79EFBC}") = "Mensagens.Android", "Mensagens\Mensagens.Android\Mensagens.Android.csproj", "{04011158-4E0E-4599-836F-895D9813B0AD}"
EndProject
Project("{FAE04EC0-301F-11D3-BF4B-00C04F79EFBC}") = "Mensagens.iOS", "Mensagens\Mensagens.iOS\Mensagens.iOS.csproj", "{124E57CA-FA10-4687-90CD-73DF7F2ADC04}"
EndProject
Project("{FAE04EC0-301F-11D3-BF4B-00C04F79EFBC}") = "Mensagens.UWP", "Mensagens\Mensagens.UWP\Mensagens.UWP.csproj", "{3808EA51-BC8E-4764-BF58-CB1DA68E7FAA}"
EndProject
Global
	GlobalSection(SharedMSBuildProjectFiles) = preSolution
		Mensagens\Mensagens\Mensagens.projitems*{04011158-4e0e-4599-836f-895d9813b0ad}*SharedItemsImports = 4
		Mensagens\Mensagens\Mensagens.projitems*{124e57ca-fa10-4687-90cd-73df7f2adc04}*SharedItemsImports = 4
		Mensagens\Mensagens\Mensagens.projitems*{90059fd4-b588-46e0-b606-7bb339f727b8}*SharedItemsImports = 13
	EndGlobalSection
	GlobalSection(SolutionConfigurationPlatforms) = preSolution
		Ad-Hoc|Any CPU = Ad-Hoc|Any CPU
		Ad-Hoc|ARM = Ad-Hoc|ARM
		Ad-Hoc|iPhone = Ad-Hoc|iPhone
		Ad-Hoc|iPhoneSimulator = Ad-Hoc|iPhoneSimulator
		Ad-Hoc|x64 = Ad-Hoc|x64
		Ad-Hoc|x86 = Ad-Hoc|x86
		AppStore|Any CPU = AppStore|Any CPU
		AppStore|ARM = AppStore|ARM
		AppStore|iPhone = AppStore|iPhone
		AppStore|iPhoneSimulator = AppStore|iPhoneSimulator
		AppStore|x64 = AppStore|x64
		AppStore|x86 = AppStore|x86
		Debug|Any CPU = Debug|Any CPU
		Debug|ARM = Debug|ARM
		Debug|iPhone = Debug|iPhone
		Debug|iPhoneSimulator = Debug|iPhoneSimulator
		Debug|x64 = Debug|x64
		Debug|x86 = Debug|x86
		Release|Any CPU = Release|Any CPU
		Release|ARM = Release|ARM
		Release|iPhone = Release|iPhone
		Release|iPhoneSimulator = Release|iPhoneSimulator
		Release|x64 = Release|x64
		Release|x86 = Release|x86
	EndGlobalSection
	GlobalSection(ProjectConfigurationPlatforms) = postSolution
		{04011158-4E0E-4599-836F-895D9813B0AD}.Ad-Hoc|Any CPU.ActiveCfg = Release|Any CPU
		{04011158-4E0E-4599-836F-895D9813B0AD}.Ad-Hoc|Any CPU.Build.0 = Release|Any CPU
		{04011158-4E0E-4599-836F-895D9813B0AD}.Ad-Hoc|Any CPU.Deploy.0 = Release|Any CPU
		{04011158-4E0E-4599-836F-895D9813B0AD}.Ad-Hoc|ARM.ActiveCfg = Release|Any CPU
		{04011158-4E0E-4599-836F-895D9813B0AD}.Ad-Hoc|ARM.Build.0 = Release|Any CPU
		{04011158-4E0E-4599-836F-895D9813B0AD}.Ad-Hoc|ARM.Deploy.0 = Release|Any CPU
		{04011158-4E0E-4599-836F-895D9813B0AD}.Ad-Hoc|iPhone.ActiveCfg = Release|Any CPU
		{04011158-4E0E-4599-836F-895D9813B0AD}.Ad-Hoc|iPhone.Build.0 = Release|Any CPU
		{04011158-4E0E-4599-836F-895D9813B0AD}.Ad-Hoc|iPhone.Deploy.0 = Release|Any CPU
		{04011158-4E0E-4599-836F-895D9813B0AD}.Ad-Hoc|iPhoneSimulator.ActiveCfg = Release|Any CPU
		{04011158-4E0E-4599-836F-895D9813B0AD}.Ad-Hoc|iPhoneSimulator.Build.0 = Release|Any CPU
		{04011158-4E0E-4599-836F-895D9813B0AD}.Ad-Hoc|iPhoneSimulator.Deploy.0 = Release|Any CPU
		{04011158-4E0E-4599-836F-895D9813B0AD}.Ad-Hoc|x64.ActiveCfg = Release|Any CPU
		{04011158-4E0E-4599-836F-895D9813B0AD}.Ad-Hoc|x64.Build.0 = Release|Any CPU
		{04011158-4E0E-4599-836F-895D9813B0AD}.Ad-Hoc|x64.Deploy.0 = Release|Any CPU
		{04011158-4E0E-4599-836F-895D9813B0AD}.Ad-Hoc|x86.ActiveCfg = Release|Any CPU
		{04011158-4E0E-4599-836F-895D9813B0AD}.Ad-Hoc|x86.Build.0 = Release|Any CPU
		{04011158-4E0E-4599-836F-895D9813B0AD}.Ad-Hoc|x86.Deploy.0 = Release|Any CPU
		{04011158-4E0E-4599-836F-895D9813B0AD}.AppStore|Any CPU.ActiveCfg = Release|Any CPU
		{04011158-4E0E-4599-836F-895D9813B0AD}.AppStore|Any CPU.Build.0 = Release|Any CPU
		{04011158-4E0E-4599-836F-895D9813B0AD}.AppStore|Any CPU.Deploy.0 = Release|Any CPU
		{04011158-4E0E-4599-836F-895D9813B0AD}.AppStore|ARM.ActiveCfg = Release|Any CPU
		{04011158-4E0E-4599-836F-895D9813B0AD}.AppStore|ARM.Build.0 = Release|Any CPU
		{04011158-4E0E-4599-836F-895D9813B0AD}.AppStore|ARM.Deploy.0 = Release|Any CPU
		{04011158-4E0E-4599-836F-895D9813B0AD}.AppStore|iPhone.ActiveCfg = Release|Any CPU
		{04011158-4E0E-4599-836F-895D9813B0AD}.AppStore|iPhone.Build.0 = Release|Any CPU
		{04011158-4E0E-4599-836F-895D9813B0AD}.AppStore|iPhone.Deploy.0 = Release|Any CPU
		{04011158-4E0E-4599-836F-895D9813B0AD}.AppStore|iPhoneSimulator.ActiveCfg = Release|Any CPU
		{04011158-4E0E-4599-836F-895D9813B0AD}.AppStore|iPhoneSimulator.Build.0 = Release|Any CPU
		{04011158-4E0E-4599-836F-895D9813B0AD}.AppStore|iPhoneSimulator.Deploy.0 = Release|Any CPU
		{04011158-4E0E-4599-836F-895D9813B0AD}.AppStore|x64.ActiveCfg = Release|Any CPU
		{04011158-4E0E-4599-836F-895D9813B0AD}.AppStore|x64.Build.0 = Release|Any CPU
		{04011158-4E0E-4599-836F-895D9813B0AD}.AppStore|x64.Deploy.0 = Release|Any CPU
		{04011158-4E0E-4599-836F-895D9813B0AD}.AppStore|x86.ActiveCfg = Release|Any CPU
		{04011158-4E0E-4599-836F-895D9813B0AD}.AppStore|x86.Build.0 = Release|Any CPU
		{04011158-4E0E-4599-836F-895D9813B0AD}.AppStore|x86.Deploy.0 = Release|Any CPU
		{04011158-4E0E-4599-836F-895D9813B0AD}.Debug|Any CPU.ActiveCfg = Debug|Any CPU
		{04011158-4E0E-4599-836F-895D9813B0AD}.Debug|Any CPU.Build.0 = Debug|Any CPU
		{04011158-4E0E-4599-836F-895D9813B0AD}.Debug|Any CPU.Deploy.0 = Debug|Any CPU
		{04011158-4E0E-4599-836F-895D9813B0AD}.Debug|ARM.ActiveCfg = Debug|Any CPU
		{04011158-4E0E-4599-836F-895D9813B0AD}.Debug|ARM.Build.0 = Debug|Any CPU
		{04011158-4E0E-4599-836F-895D9813B0AD}.Debug|ARM.Deploy.0 = Debug|Any CPU
		{04011158-4E0E-4599-836F-895D9813B0AD}.Debug|iPhone.ActiveCfg = Debug|Any CPU
		{04011158-4E0E-4599-836F-895D9813B0AD}.Debug|iPhone.Build.0 = Debug|Any CPU
		{04011158-4E0E-4599-836F-895D9813B0AD}.Debug|iPhone.Deploy.0 = Debug|Any CPU
		{04011158-4E0E-4599-836F-895D9813B0AD}.Debug|iPhoneSimulator.ActiveCfg = Debug|Any CPU
		{04011158-4E0E-4599-836F-895D9813B0AD}.Debug|iPhoneSimulator.Build.0 = Debug|Any CPU
		{04011158-4E0E-4599-836F-895D9813B0AD}.Debug|iPhoneSimulator.Deploy.0 = Debug|Any CPU
		{04011158-4E0E-4599-836F-895D9813B0AD}.Debug|x64.ActiveCfg = Debug|Any CPU
		{04011158-4E0E-4599-836F-895D9813B0AD}.Debug|x64.Build.0 = Debug|Any CPU
		{04011158-4E0E-4599-836F-895D9813B0AD}.Debug|x64.Deploy.0 = Debug|Any CPU
		{04011158-4E0E-4599-836F-895D9813B0AD}.Debug|x86.ActiveCfg = Debug|Any CPU
		{04011158-4E0E-4599-836F-895D9813B0AD}.Debug|x86.Build.0 = Debug|Any CPU
		{04011158-4E0E-4599-836F-895D9813B0AD}.Debug|x86.Deploy.0 = Debug|Any CPU
		{04011158-4E0E-4599-836F-895D9813B0AD}.Release|Any CPU.ActiveCfg = Release|Any CPU
		{04011158-4E0E-4599-836F-895D9813B0AD}.Release|Any CPU.Build.0 = Release|Any CPU
		{04011158-4E0E-4599-836F-895D9813B0AD}.Release|Any CPU.Deploy.0 = Release|Any CPU
		{04011158-4E0E-4599-836F-895D9813B0AD}.Release|ARM.ActiveCfg = Release|Any CPU
		{04011158-4E0E-4599-836F-895D9813B0AD}.Release|ARM.Build.0 = Release|Any CPU
		{04011158-4E0E-4599-836F-895D9813B0AD}.Release|ARM.Deploy.0 = Release|Any CPU
		{04011158-4E0E-4599-836F-895D9813B0AD}.Release|iPhone.ActiveCfg = Release|Any CPU
		{04011158-4E0E-4599-836F-895D9813B0AD}.Release|iPhone.Build.0 = Release|Any CPU
		{04011158-4E0E-4599-836F-895D9813B0AD}.Release|iPhone.Deploy.0 = Release|Any CPU
		{04011158-4E0E-4599-836F-895D9813B0AD}.Release|iPhoneSimulator.ActiveCfg = Release|Any CPU
		{04011158-4E0E-4599-836F-895D9813B0AD}.Release|iPhoneSimulator.Build.0 = Release|Any CPU
		{04011158-4E0E-4599-836F-895D9813B0AD}.Release|iPhoneSimulator.Deploy.0 = Release|Any CPU
		{04011158-4E0E-4599-836F-895D9813B0AD}.Release|x64.ActiveCfg = Release|Any CPU
		{04011158-4E0E-4599-836F-895D9813B0AD}.Release|x64.Build.0 = Release|Any CPU
		{04011158-4E0E-4599-836F-895D9813B0AD}.Release|x64.Deploy.0 = Release|Any CPU
		{04011158-4E0E-4599-836F-895D9813B0AD}.Release|x86.ActiveCfg = Release|Any CPU
		{04011158-4E0E-4599-836F-895D9813B0AD}.Release|x86.Build.0 = Release|Any CPU
		{04011158-4E0E-4599-836F-895D9813B0AD}.Release|x86.Deploy.0 = Release|Any CPU
		{124E57CA-FA10-4687-90CD-73DF7F2ADC04}.Ad-Hoc|Any CPU.ActiveCfg = Ad-Hoc|iPhoneSimulator
		{124E57CA-FA10-4687-90CD-73DF7F2ADC04}.Ad-Hoc|ARM.ActiveCfg = Ad-Hoc|iPhone
		{124E57CA-FA10-4687-90CD-73DF7F2ADC04}.Ad-Hoc|iPhone.ActiveCfg = Ad-Hoc|iPhone
		{124E57CA-FA10-4687-90CD-73DF7F2ADC04}.Ad-Hoc|iPhone.Build.0 = Ad-Hoc|iPhone
		{124E57CA-FA10-4687-90CD-73DF7F2ADC04}.Ad-Hoc|iPhoneSimulator.ActiveCfg = Ad-Hoc|iPhoneSimulator
		{124E57CA-FA10-4687-90CD-73DF7F2ADC04}.Ad-Hoc|iPhoneSimulator.Build.0 = Ad-Hoc|iPhoneSimulator
		{124E57CA-FA10-4687-90CD-73DF7F2ADC04}.Ad-Hoc|x64.ActiveCfg = Ad-Hoc|iPhone
		{124E57CA-FA10-4687-90CD-73DF7F2ADC04}.Ad-Hoc|x86.ActiveCfg = Ad-Hoc|iPhone
		{124E57CA-FA10-4687-90CD-73DF7F2ADC04}.AppStore|Any CPU.ActiveCfg = AppStore|iPhoneSimulator
		{124E57CA-FA10-4687-90CD-73DF7F2ADC04}.AppStore|ARM.ActiveCfg = AppStore|iPhone
		{124E57CA-FA10-4687-90CD-73DF7F2ADC04}.AppStore|iPhone.ActiveCfg = AppStore|iPhone
		{124E57CA-FA10-4687-90CD-73DF7F2ADC04}.AppStore|iPhone.Build.0 = AppStore|iPhone
		{124E57CA-FA10-4687-90CD-73DF7F2ADC04}.AppStore|iPhoneSimulator.ActiveCfg = AppStore|iPhoneSimulator
		{124E57CA-FA10-4687-90CD-73DF7F2ADC04}.AppStore|iPhoneSimulator.Build.0 = AppStore|iPhoneSimulator
		{124E57CA-FA10-4687-90CD-73DF7F2ADC04}.AppStore|x64.ActiveCfg = AppStore|iPhone
		{124E57CA-FA10-4687-90CD-73DF7F2ADC04}.AppStore|x86.ActiveCfg = AppStore|iPhone
		{124E57CA-FA10-4687-90CD-73DF7F2ADC04}.Debug|Any CPU.ActiveCfg = Debug|iPhoneSimulator
		{124E57CA-FA10-4687-90CD-73DF7F2ADC04}.Debug|ARM.ActiveCfg = Debug|iPhone
		{124E57CA-FA10-4687-90CD-73DF7F2ADC04}.Debug|iPhone.ActiveCfg = Debug|iPhone
		{124E57CA-FA10-4687-90CD-73DF7F2ADC04}.Debug|iPhone.Build.0 = Debug|iPhone
		{124E57CA-FA10-4687-90CD-73DF7F2ADC04}.Debug|iPhoneSimulator.ActiveCfg = Debug|iPhoneSimulator
		{124E57CA-FA10-4687-90CD-73DF7F2ADC04}.Debug|iPhoneSimulator.Build.0 = Debug|iPhoneSimulator
		{124E57CA-FA10-4687-90CD-73DF7F2ADC04}.Debug|x64.ActiveCfg = Debug|iPhone
		{124E57CA-FA10-4687-90CD-73DF7F2ADC04}.Debug|x86.ActiveCfg = Debug|iPhone
		{124E57CA-FA10-4687-90CD-73DF7F2ADC04}.Release|Any CPU.ActiveCfg = Release|iPhoneSimulator
		{124E57CA-FA10-4687-90CD-73DF7F2ADC04}.Release|ARM.ActiveCfg = Release|iPhone
		{124E57CA-FA10-4687-90CD-73DF7F2ADC04}.Release|iPhone.ActiveCfg = Release|iPhone
		{124E57CA-FA10-4687-90CD-73DF7F2ADC04}.Release|iPhone.Build.0 = Release|iPhone
		{124E57CA-FA10-4687-90CD-73DF7F2ADC04}.Release|iPhoneSimulator.ActiveCfg = Release|iPhoneSimulator
		{124E57CA-FA10-4687-90CD-73DF7F2ADC04}.Release|iPhoneSimulator.Build.0 = Release|iPhoneSimulator
		{124E57CA-FA10-4687-90CD-73DF7F2ADC04}.Release|x64.ActiveCfg = Release|iPhone
		{124E57CA-FA10-4687-90CD-73DF7F2ADC04}.Release|x86.ActiveCfg = Release|iPhone
		{3808EA51-BC8E-4764-BF58-CB1DA68E7FAA}.Ad-Hoc|Any CPU.ActiveCfg = Release|x86
		{3808EA51-BC8E-4764-BF58-CB1DA68E7FAA}.Ad-Hoc|Any CPU.Build.0 = Release|x86
		{3808EA51-BC8E-4764-BF58-CB1DA68E7FAA}.Ad-Hoc|Any CPU.Deploy.0 = Release|x86
		{3808EA51-BC8E-4764-BF58-CB1DA68E7FAA}.Ad-Hoc|ARM.ActiveCfg = Release|ARM
		{3808EA51-BC8E-4764-BF58-CB1DA68E7FAA}.Ad-Hoc|ARM.Build.0 = Release|ARM
		{3808EA51-BC8E-4764-BF58-CB1DA68E7FAA}.Ad-Hoc|ARM.Deploy.0 = Release|ARM
		{3808EA51-BC8E-4764-BF58-CB1DA68E7FAA}.Ad-Hoc|iPhone.ActiveCfg = Release|x86
		{3808EA51-BC8E-4764-BF58-CB1DA68E7FAA}.Ad-Hoc|iPhone.Build.0 = Release|x86
		{3808EA51-BC8E-4764-BF58-CB1DA68E7FAA}.Ad-Hoc|iPhone.Deploy.0 = Release|x86
		{3808EA51-BC8E-4764-BF58-CB1DA68E7FAA}.Ad-Hoc|iPhoneSimulator.ActiveCfg = Release|x86
		{3808EA51-BC8E-4764-BF58-CB1DA68E7FAA}.Ad-Hoc|iPhoneSimulator.Build.0 = Release|x86
		{3808EA51-BC8E-4764-BF58-CB1DA68E7FAA}.Ad-Hoc|iPhoneSimulator.Deploy.0 = Release|x86
		{3808EA51-BC8E-4764-BF58-CB1DA68E7FAA}.Ad-Hoc|x64.ActiveCfg = Release|x64
		{3808EA51-BC8E-4764-BF58-CB1DA68E7FAA}.Ad-Hoc|x64.Build.0 = Release|x64
		{3808EA51-BC8E-4764-BF58-CB1DA68E7FAA}.Ad-Hoc|x64.Deploy.0 = Release|x64
		{3808EA51-BC8E-4764-BF58-CB1DA68E7FAA}.Ad-Hoc|x86.ActiveCfg = Release|x86
		{3808EA51-BC8E-4764-BF58-CB1DA68E7FAA}.Ad-Hoc|x86.Build.0 = Release|x86
		{3808EA51-BC8E-4764-BF58-CB1DA68E7FAA}.Ad-Hoc|x86.Deploy.0 = Release|x86
		{3808EA51-BC8E-4764-BF58-CB1DA68E7FAA}.AppStore|Any CPU.ActiveCfg = Release|x86
		{3808EA51-BC8E-4764-BF58-CB1DA68E7FAA}.AppStore|Any CPU.Build.0 = Release|x86
		{3808EA51-BC8E-4764-BF58-CB1DA68E7FAA}.AppStore|Any CPU.Deploy.0 = Release|x86
		{3808EA51-BC8E-4764-BF58-CB1DA68E7FAA}.AppStore|ARM.ActiveCfg = Release|ARM
		{3808EA51-BC8E-4764-BF58-CB1DA68E7FAA}.AppStore|ARM.Build.0 = Release|ARM
		{3808EA51-BC8E-4764-BF58-CB1DA68E7FAA}.AppStore|ARM.Deploy.0 = Release|ARM
		{3808EA51-BC8E-4764-BF58-CB1DA68E7FAA}.AppStore|iPhone.ActiveCfg = Release|x86
		{3808EA51-BC8E-4764-BF58-CB1DA68E7FAA}.AppStore|iPhone.Build.0 = Release|x86
		{3808EA51-BC8E-4764-BF58-CB1DA68E7FAA}.AppStore|iPhone.Deploy.0 = Release|x86
		{3808EA51-BC8E-4764-BF58-CB1DA68E7FAA}.AppStore|iPhoneSimulator.ActiveCfg = Release|x86
		{3808EA51-BC8E-4764-BF58-CB1DA68E7FAA}.AppStore|iPhoneSimulator.Build.0 = Release|x86
		{3808EA51-BC8E-4764-BF58-CB1DA68E7FAA}.AppStore|iPhoneSimulator.Deploy.0 = Release|x86
		{3808EA51-BC8E-4764-BF58-CB1DA68E7FAA}.AppStore|x64.ActiveCfg = Release|x64
		{3808EA51-BC8E-4764-BF58-CB1DA68E7FAA}.AppStore|x64.Build.0 = Release|x64
		{3808EA51-BC8E-4764-BF58-CB1DA68E7FAA}.AppStore|x64.Deploy.0 = Release|x64
		{3808EA51-BC8E-4764-BF58-CB1DA68E7FAA}.AppStore|x86.ActiveCfg = Release|x86
		{3808EA51-BC8E-4764-BF58-CB1DA68E7FAA}.AppStore|x86.Build.0 = Release|x86
		{3808EA51-BC8E-4764-BF58-CB1DA68E7FAA}.AppStore|x86.Deploy.0 = Release|x86
		{3808EA51-BC8E-4764-BF58-CB1DA68E7FAA}.Debug|Any CPU.ActiveCfg = Debug|x86
		{3808EA51-BC8E-4764-BF58-CB1DA68E7FAA}.Debug|ARM.ActiveCfg = Debug|ARM
		{3808EA51-BC8E-4764-BF58-CB1DA68E7FAA}.Debug|ARM.Build.0 = Debug|ARM
		{3808EA51-BC8E-4764-BF58-CB1DA68E7FAA}.Debug|ARM.Deploy.0 = Debug|ARM
		{3808EA51-BC8E-4764-BF58-CB1DA68E7FAA}.Debug|iPhone.ActiveCfg = Debug|x86
		{3808EA51-BC8E-4764-BF58-CB1DA68E7FAA}.Debug|iPhoneSimulator.ActiveCfg = Debug|x86
		{3808EA51-BC8E-4764-BF58-CB1DA68E7FAA}.Debug|x64.ActiveCfg = Debug|x64
		{3808EA51-BC8E-4764-BF58-CB1DA68E7FAA}.Debug|x64.Build.0 = Debug|x64
		{3808EA51-BC8E-4764-BF58-CB1DA68E7FAA}.Debug|x64.Deploy.0 = Debug|x64
		{3808EA51-BC8E-4764-BF58-CB1DA68E7FAA}.Debug|x86.ActiveCfg = Debug|x86
		{3808EA51-BC8E-4764-BF58-CB1DA68E7FAA}.Debug|x86.Build.0 = Debug|x86
		{3808EA51-BC8E-4764-BF58-CB1DA68E7FAA}.Debug|x86.Deploy.0 = Debug|x86
		{3808EA51-BC8E-4764-BF58-CB1DA68E7FAA}.Release|Any CPU.ActiveCfg = Release|x86
		{3808EA51-BC8E-4764-BF58-CB1DA68E7FAA}.Release|ARM.ActiveCfg = Release|ARM
		{3808EA51-BC8E-4764-BF58-CB1DA68E7FAA}.Release|ARM.Build.0 = Release|ARM
		{3808EA51-BC8E-4764-BF58-CB1DA68E7FAA}.Release|ARM.Deploy.0 = Release|ARM
		{3808EA51-BC8E-4764-BF58-CB1DA68E7FAA}.Release|iPhone.ActiveCfg = Release|x86
		{3808EA51-BC8E-4764-BF58-CB1DA68E7FAA}.Release|iPhoneSimulator.ActiveCfg = Release|x86
		{3808EA51-BC8E-4764-BF58-CB1DA68E7FAA}.Release|x64.ActiveCfg = Release|x64
		{3808EA51-BC8E-4764-BF58-CB1DA68E7FAA}.Release|x64.Build.0 = Release|x64
		{3808EA51-BC8E-4764-BF58-CB1DA68E7FAA}.Release|x64.Deploy.0 = Release|x64
		{3808EA51-BC8E-4764-BF58-CB1DA68E7FAA}.Release|x86.ActiveCfg = Release|x86
		{3808EA51-BC8E-4764-BF58-CB1DA68E7FAA}.Release|x86.Build.0 = Release|x86
		{3808EA51-BC8E-4764-BF58-CB1DA68E7FAA}.Release|x86.Deploy.0 = Release|x86
	EndGlobalSection
	GlobalSection(SolutionProperties) = preSolution
		HideSolutionNode = FALSE
	EndGlobalSection
	GlobalSection(ExtensibilityGlobals) = postSolution
		SolutionGuid = {50650DB0-C241-4A3E-96E1-203E54837475}
	EndGlobalSection
EndGlobal
